# @generated - this file is auto-generated by `mise lock` https://mise.jdx.dev/dev-tools/mise-lock.html

lockfile_version = 2

[[tools."aqua:suzuki-shunsuke/langcheck"]]
version = "0.0.1"
backend = "aqua:suzuki-shunsuke/langcheck"
specifiers = ["0.0.1"]

[tools."aqua:suzuki-shunsuke/langcheck"."platforms.linux-arm64"]
checksum = "sha256:874c1ef129691b76c09d5b5deb69fa34c9d25c2f78cf53801c67d6a8e3c4dc71"
url = "https://github.com/suzuki-shunsuke/langcheck/releases/download/v0.0.1/langcheck_linux_arm64.tar.gz"
url_api = "https://api.github.com/repos/suzuki-shunsuke/langcheck/releases/assets/473932876"
provenance = "github-attestations"

[tools."aqua:suzuki-shunsuke/langcheck"."platforms.linux-arm64-musl"]
checksum = "sha256:874c1ef129691b76c09d5b5deb69fa34c9d25c2f78cf53801c67d6a8e3c4dc71"
url = "https://github.com/suzuki-shunsuke/langcheck/releases/download/v0.0.1/langcheck_linux_arm64.tar.gz"
url_api = "https://api.github.com/repos/suzuki-shunsuke/langcheck/releases/assets/473932876"
provenance = "github-attestations"

[tools."aqua:suzuki-shunsuke/langcheck"."platforms.linux-x64"]
checksum = "sha256:a1629059eeb51f499b6869cd734f25f682126b83ae1ff0865ac2fcdfb1ed8b32"
url = "https://github.com/suzuki-shunsuke/langcheck/releases/download/v0.0.1/langcheck_linux_amd64.tar.gz"
url_api = "https://api.github.com/repos/suzuki-shunsuke/langcheck/releases/assets/473932873"
provenance = "github-attestations"

[tools."aqua:suzuki-shunsuke/langcheck"."platforms.linux-x64-musl"]
checksum = "sha256:a1629059eeb51f499b6869cd734f25f682126b83ae1ff0865ac2fcdfb1ed8b32"
url = "https://github.com/suzuki-shunsuke/langcheck/releases/download/v0.0.1/langcheck_linux_amd64.tar.gz"
url_api = "https://api.github.com/repos/suzuki-shunsuke/langcheck/releases/assets/473932873"
provenance = "github-attestations"

[tools."aqua:suzuki-shunsuke/langcheck"."platforms.macos-arm64"]
checksum = "sha256:ead68f618347dd51ede98c1cb9d72dd4685b4accc0effa6ce4f941c1612ef846"
url = "https://github.com/suzuki-shunsuke/langcheck/releases/download/v0.0.1/langcheck_darwin_arm64.tar.gz"
url_api = "https://api.github.com/repos/suzuki-shunsuke/langcheck/releases/assets/473932863"
provenance = "github-attestations"

[tools."aqua:suzuki-shunsuke/langcheck"."platforms.windows-x64"]
checksum = "sha256:d4d153863c1e564cded12ccfebc41367268f3b8d9af093c92eb2f12cc9120ec2"
url = "https://github.com/suzuki-shunsuke/langcheck/releases/download/v0.0.1/langcheck_windows_amd64.zip"
url_api = "https://api.github.com/repos/suzuki-shunsuke/langcheck/releases/assets/473932882"
provenance = "github-attestations"

[[tools."aqua:suzuki-shunsuke/nllint"]]
version = "1.2.0"
backend = "aqua:suzuki-shunsuke/nllint"
specifiers = ["1.2.0"]

[tools."aqua:suzuki-shunsuke/nllint"."platforms.linux-arm64"]
checksum = "sha256:2a1acc20503265564ac8ce230a81ff989e03505432e30da9b24a771fe7d8eef3"
url = "https://github.com/suzuki-shunsuke/nllint/releases/download/v1.2.0/nllint_linux_arm64.tar.gz"
url_api = "https://api.github.com/repos/suzuki-shunsuke/nllint/releases/assets/473956947"

[tools."aqua:suzuki-shunsuke/nllint"."platforms.linux-arm64".provenance.slsa]
url = "https://github.com/suzuki-shunsuke/nllint/releases/download/v1.2.0/multiple.intoto.jsonl"

[tools."aqua:suzuki-shunsuke/nllint"."platforms.linux-arm64-musl"]
checksum = "sha256:2a1acc20503265564ac8ce230a81ff989e03505432e30da9b24a771fe7d8eef3"
url = "https://github.com/suzuki-shunsuke/nllint/releases/download/v1.2.0/nllint_linux_arm64.tar.gz"
url_api = "https://api.github.com/repos/suzuki-shunsuke/nllint/releases/assets/473956947"

[tools."aqua:suzuki-shunsuke/nllint"."platforms.linux-arm64-musl".provenance.slsa]
url = "https://github.com/suzuki-shunsuke/nllint/releases/download/v1.2.0/multiple.intoto.jsonl"

[tools."aqua:suzuki-shunsuke/nllint"."platforms.linux-x64"]
checksum = "sha256:e5d885845fa6a36c5984c15e8dc6988aa8ea49683b999cb797ed87a9196b99ef"
url = "https://github.com/suzuki-shunsuke/nllint/releases/download/v1.2.0/nllint_linux_amd64.tar.gz"
url_api = "https://api.github.com/repos/suzuki-shunsuke/nllint/releases/assets/473956944"

[tools."aqua:suzuki-shunsuke/nllint"."platforms.linux-x64".provenance.slsa]
url = "https://github.com/suzuki-shunsuke/nllint/releases/download/v1.2.0/multiple.intoto.jsonl"

[tools."aqua:suzuki-shunsuke/nllint"."platforms.linux-x64-musl"]
checksum = "sha256:e5d885845fa6a36c5984c15e8dc6988aa8ea49683b999cb797ed87a9196b99ef"
url = "https://github.com/suzuki-shunsuke/nllint/releases/download/v1.2.0/nllint_linux_amd64.tar.gz"
url_api = "https://api.github.com/repos/suzuki-shunsuke/nllint/releases/assets/473956944"

[tools."aqua:suzuki-shunsuke/nllint"."platforms.linux-x64-musl".provenance.slsa]
url = "https://github.com/suzuki-shunsuke/nllint/releases/download/v1.2.0/multiple.intoto.jsonl"

[tools."aqua:suzuki-shunsuke/nllint"."platforms.macos-arm64"]
checksum = "sha256:bff59ef81786e8d9caee953854c803563d7d880dbc748885064445d1443725df"
url = "https://github.com/suzuki-shunsuke/nllint/releases/download/v1.2.0/nllint_darwin_arm64.tar.gz"
url_api = "https://api.github.com/repos/suzuki-shunsuke/nllint/releases/assets/473956943"

[tools."aqua:suzuki-shunsuke/nllint"."platforms.macos-arm64".provenance.slsa]
url = "https://github.com/suzuki-shunsuke/nllint/releases/download/v1.2.0/multiple.intoto.jsonl"

[tools."aqua:suzuki-shunsuke/nllint"."platforms.windows-x64"]
checksum = "sha256:896a1d33cfcfca4b59ae2d6d7a3ad25e881c7711e82cf303d391fdbb74061f87"
url = "https://github.com/suzuki-shunsuke/nllint/releases/download/v1.2.0/nllint_windows_amd64.zip"
url_api = "https://api.github.com/repos/suzuki-shunsuke/nllint/releases/assets/473956950"

[tools."aqua:suzuki-shunsuke/nllint"."platforms.windows-x64".provenance.slsa]
url = "https://github.com/suzuki-shunsuke/nllint/releases/download/v1.2.0/multiple.intoto.jsonl"

[[tools.go]]
version = "1.27.1"
backend = "core:go"
specifiers = ["1.27.1"]

[tools.go."platforms.linux-arm64"]
checksum = "sha256:3450b45a3f9ee8568792736a5c5e70a1f2e9b36c35a8f74958c03e51d7d92bec"
url = "https://dl.google.com/go/go1.27.1.linux-arm64.tar.gz"

[tools.go."platforms.linux-arm64-musl"]
checksum = "sha256:3450b45a3f9ee8568792736a5c5e70a1f2e9b36c35a8f74958c03e51d7d92bec"
url = "https://dl.google.com/go/go1.27.1.linux-arm64.tar.gz"

[tools.go."platforms.linux-x64"]
checksum = "sha256:63d339f0da5ab53635a56f2490a7984dfe12dfcff22ad749f63edaf590168445"
url = "https://dl.google.com/go/go1.27.1.linux-amd64.tar.gz"

[tools.go."platforms.linux-x64-baseline"]
checksum = "sha256:63d339f0da5ab53635a56f2490a7984dfe12dfcff22ad749f63edaf590168445"
url = "https://dl.google.com/go/go1.27.1.linux-amd64.tar.gz"

[tools.go."platforms.linux-x64-musl"]
checksum = "sha256:63d339f0da5ab53635a56f2490a7984dfe12dfcff22ad749f63edaf590168445"
url = "https://dl.google.com/go/go1.27.1.linux-amd64.tar.gz"

[tools.go."platforms.linux-x64-musl-baseline"]
checksum = "sha256:63d339f0da5ab53635a56f2490a7984dfe12dfcff22ad749f63edaf590168445"
url = "https://dl.google.com/go/go1.27.1.linux-amd64.tar.gz"

[tools.go."platforms.macos-arm64"]
checksum = "sha256:ee215d57e0ec269c60cc9ceca68e6bda321ba9ee5afe24f4b0988703c2d87d12"
url = "https://dl.google.com/go/go1.27.1.darwin-arm64.tar.gz"

[tools.go."platforms.macos-x64"]
checksum = "sha256:8f8f52c6649542cf027bbc9b9c68d1ec042f9f34808a40413f0b8b3f66f3caa4"
url = "https://dl.google.com/go/go1.27.1.darwin-amd64.tar.gz"

[tools.go."platforms.macos-x64-baseline"]
checksum = "sha256:8f8f52c6649542cf027bbc9b9c68d1ec042f9f34808a40413f0b8b3f66f3caa4"
url = "https://dl.google.com/go/go1.27.1.darwin-amd64.tar.gz"

[tools.go."platforms.windows-x64"]
checksum = "sha256:a3911b5e0e1b1053f25ed0675f4c1c6aad1e2bfcf253df2b9be4caabd2edd95d"
url = "https://dl.google.com/go/go1.27.1.windows-amd64.zip"

[tools.go."platforms.windows-x64-baseline"]
checksum = "sha256:a3911b5e0e1b1053f25ed0675f4c1c6aad1e2bfcf253df2b9be4caabd2edd95d"
url = "https://dl.google.com/go/go1.27.1.windows-amd64.zip"

[[tools.golangci-lint]]
version = "2.13.2"
backend = "aqua:golangci/golangci-lint"
specifiers = ["2.13.2"]

[tools.golangci-lint."platforms.linux-arm64"]
checksum = "sha256:a2a4e0065aa41be71f7c5ac90f271b61751331e5d04314e62afe4027855f0893"
url = "https://github.com/golangci/golangci-lint/releases/download/v2.13.2/golangci-lint-2.13.2-linux-arm64.tar.gz"
url_api = "https://api.github.com/repos/golangci/golangci-lint/releases/assets/532995442"
provenance = "github-attestations"

[tools.golangci-lint."platforms.linux-arm64-musl"]
checksum = "sha256:a2a4e0065aa41be71f7c5ac90f271b61751331e5d04314e62afe4027855f0893"
url = "https://github.com/golangci/golangci-lint/releases/download/v2.13.2/golangci-lint-2.13.2-linux-arm64.tar.gz"
url_api = "https://api.github.com/repos/golangci/golangci-lint/releases/assets/532995442"
provenance = "github-attestations"

[tools.golangci-lint."platforms.linux-x64"]
checksum = "sha256:2277d43b98ec0054280f2ac26b53268bae97682444678a59a657dd565da021d6"
url = "https://github.com/golangci/golangci-lint/releases/download/v2.13.2/golangci-lint-2.13.2-linux-amd64.tar.gz"
url_api = "https://api.github.com/repos/golangci/golangci-lint/releases/assets/532995333"
provenance = "github-attestations"

[tools.golangci-lint."platforms.linux-x64-musl"]
checksum = "sha256:2277d43b98ec0054280f2ac26b53268bae97682444678a59a657dd565da021d6"
url = "https://github.com/golangci/golangci-lint/releases/download/v2.13.2/golangci-lint-2.13.2-linux-amd64.tar.gz"
url_api = "https://api.github.com/repos/golangci/golangci-lint/releases/assets/532995333"
provenance = "github-attestations"

[tools.golangci-lint."platforms.macos-arm64"]
checksum = "sha256:f4bf83f0b64f055c42b28fc9a38861839f69c096e61c788e72dfaae412011789"
url = "https://github.com/golangci/golangci-lint/releases/download/v2.13.2/golangci-lint-2.13.2-darwin-arm64.tar.gz"
url_api = "https://api.github.com/repos/golangci/golangci-lint/releases/assets/532995398"
provenance = "github-attestations"

[tools.golangci-lint."platforms.windows-x64"]
checksum = "sha256:4735fdc8e84a0cfb7a15a1c364a650942f88215e0d36c674ebc4024f7b554524"
url = "https://github.com/golangci/golangci-lint/releases/download/v2.13.2/golangci-lint-2.13.2-windows-amd64.zip"
url_api = "https://api.github.com/repos/golangci/golangci-lint/releases/assets/532995335"
provenance = "github-attestations"

[[tools.hk]]
version = "2.0.1"
backend = "packslip:github.com/jdx/hk"
specifiers = ["latest"]

[tools.hk."platforms.linux-arm64"]
checksum = "sha256:8a28f2737914bbffa8dd16f39a2fc65d85e9a52261789cf6a1affd6c6762fbc1"
url = "https://github.com/jdx/hk/releases/download/v2.0.1/hk-aarch64-unknown-linux-gnu.tar.gz"
signer = "sigstore-oidc:https://github.com/jdx/hk/.github/workflows/release.yml"

[tools.hk."platforms.linux-arm64-musl"]
checksum = "sha256:b75f54bf8a3679a13a01d250959ae77fab033ca5025eb557b76442c59efa8eb8"
url = "https://github.com/jdx/hk/releases/download/v2.0.1/hk-aarch64-unknown-linux-musl.tar.gz"
signer = "sigstore-oidc:https://github.com/jdx/hk/.github/workflows/release.yml"

[tools.hk."platforms.linux-x64"]
checksum = "sha256:f14d0290a07f82911f32ea5e4a91dd80d90abb852488912b1ade9b240f70d615"
url = "https://github.com/jdx/hk/releases/download/v2.0.1/hk-x86_64-unknown-linux-gnu.tar.gz"
signer = "sigstore-oidc:https://github.com/jdx/hk/.github/workflows/release.yml"

[tools.hk."platforms.linux-x64-musl"]
checksum = "sha256:76269248e27114f361d533551ffca757e58a1d4abe880fd008df16d19128ea97"
url = "https://github.com/jdx/hk/releases/download/v2.0.1/hk-x86_64-unknown-linux-musl.tar.gz"
signer = "sigstore-oidc:https://github.com/jdx/hk/.github/workflows/release.yml"

[tools.hk."platforms.macos-arm64"]
checksum = "sha256:6ec393f898f562f76c4839a910356b4afec6740eff23f18ebdf8cf41c793a461"
url = "https://github.com/jdx/hk/releases/download/v2.0.1/hk-aarch64-apple-darwin.tar.gz"
signer = "sigstore-oidc:https://github.com/jdx/hk/.github/workflows/release.yml"

[tools.hk."platforms.windows-x64"]
checksum = "sha256:b3cb8ab5958393faacefabfb3a402060eb256b1fda8e1f83c74c3fc877ebff8f"
url = "https://github.com/jdx/hk/releases/download/v2.0.1/hk-x86_64-pc-windows-msvc.zip"
signer = "sigstore-oidc:https://github.com/jdx/hk/.github/workflows/release.yml"
